schema: '2.0'
stages:
  preprocess:
    cmd: python src/stages/preprocessing.py --config=params.yaml
    deps:
    - path: src/stages/preprocessing.py
      hash: md5
      md5: 2d91397f8c9a4c72dc46bb3ae860296b
      size: 1297
    params:
      params.yaml:
        base.log_level: INFO
        data.data_load: data/raw/Customer_Data.csv
    outs:
    - path: data/processed/processed_data.csv
      hash: md5
      md5: 8aff64ed9940f4339131242b798291d5
      size: 786359
  featurize:
    cmd: python src/stages/featurizing.py --config=params.yaml
    deps:
    - path: data/processed/processed_data.csv
      hash: md5
      md5: 8aff64ed9940f4339131242b798291d5
      size: 786359
    - path: src/stages/featurizing.py
      hash: md5
      md5: e4613ca80904e358ecbafa89c38aba61
      size: 7328
    params:
      params.yaml:
        base:
          random_state: 42
          log_level: INFO
        data.data_preprocessing: data/processed/processed_data.csv
        featurize:
          featurizer_name: autoencoder
          featurizer_path: models/featurizer.keras
          model_name: model1
          model_path: models/autoencoder/
          parameters:
            encoding_dim: 10
          hyperparameters:
            encoder_activation: tanh
            decoder_activation: relu
            optimizer: sgd
            loss: mean_squared_error
            epochs: 100
            batch_size: 16
    outs:
    - path: data/processed/featurized_data.csv
      hash: md5
      md5: 616fd0b41c690c7049601fbd214aed73
      size: 681410
    - path: models/featurizer.keras
      hash: md5
      md5: 9c08fd4f13b69090182e33412bad1465
      size: 9265549
  train:
    cmd: python src/stages/training.py --config=params.yaml
    deps:
    - path: data/processed/featurized_data.csv
      hash: md5
      md5: 616fd0b41c690c7049601fbd214aed73
      size: 681410
    - path: src/stages/training.py
      hash: md5
      md5: c4775ef76fedeadc6b1152cb5506ecdc
      size: 1597
    - path: src/utils/train_util.py
      hash: md5
      md5: e36d8c2a040e865e9f1f08d196dacba4
      size: 2347
    params:
      params.yaml:
        base:
          random_state: 42
          log_level: INFO
        train:
          model_path: models/model.pkl
          model:
            model_name: dbscan
            param_grid:
              eps:
              - 0.3
              - 0.5
              min_samples:
              - 5
              - 10
    outs:
    - path: data/processed/labeled_data.csv
      hash: md5
      md5: f5c5eb1d48f606c5272c735ce07dc4d0
      size: 701876
    - path: models/model.pkl
      hash: md5
      md5: 3eedd207c0f4d750c612dd039790caf6
      size: 158841
    - path: reports/metrics.json
      hash: md5
      md5: 0bc3bae01d518cf2f2658eaf405c27c9
      size: 44
  visualize:
    cmd: python src/stages/visualization.py --config=params.yaml
    deps:
    - path: data/processed/labeled_data.csv
      hash: md5
      md5: f5c5eb1d48f606c5272c735ce07dc4d0
      size: 701876
    - path: data/processed/processed_data.csv
      hash: md5
      md5: 8aff64ed9940f4339131242b798291d5
      size: 786359
    - path: src/stages/visualization.py
      hash: md5
      md5: 6d0ce271e36a7611d0fed15eb12a3cf1
      size: 4026
    params:
      params.yaml:
        reports:
          base_dir: reports
          plots_dir: figures
          metrics_file: metrics.json
          plots:
            silhouette: silhouette_plot.png
            elbow: elbow_plot.png
            clusters: clusters.png
            comparison: comparison.png
            frequency: frequency.png
    outs:
    - path: reports/figures/clusters.png
      hash: md5
      md5: 0cb4e6539a2226b08858b885cc3f7d6c
      size: 155804
    - path: reports/figures/comparison.png
      hash: md5
      md5: ec825265238126edae4da1f86ad88140
      size: 116746
    - path: reports/figures/frequency.png
      hash: md5
      md5: d964bd8285e287474cf3a7665e92a766
      size: 21079
